# This file is automatically @generated by Cargo.
# It is not intended for manual editing.
version = 3

[[package]]
name = "cjson-core"
version = "1.7.19"

[[package]]
name = "cjson-ffi"
version = "1.7.19"
dependencies = [
 "cjson-core",
]

[[package]]
name = "rust-driver"
version = "1.7.19"
dependencies = [
 "cjson-core",
]
